// !$*UTF8*$!
{
	archiveVersion = 1;
	classes = {
	};
	objectVersion = 56;
	objects = {

/* Begin PBXBuildFile section */
		EB08EF6E29388E270081D122 /* ParkListViewModel.swift in Sources */ = {isa = PBXBuildFile; fileRef = EB08EF6D29388E270081D122 /* ParkListViewModel.swift */; };
		EB08EF7029388E410081D122 /* ParkDetailViewModel.swift in Sources */ = {isa = PBXBuildFile; fileRef = EB08EF6F29388E410081D122 /* ParkDetailViewModel.swift */; };
		EB08EF7229388E620081D122 /* ParkDetailViewController.swift in Sources */ = {isa = PBXBuildFile; fileRef = EB08EF7129388E620081D122 /* ParkDetailViewController.swift */; };
		EB08EF7429388EFC0081D122 /* NewTripViewModel.swift in Sources */ = {isa = PBXBuildFile; fileRef = EB08EF7329388EFC0081D122 /* NewTripViewModel.swift */; };
		EB08EF7629388F250081D122 /* NewTripViewController.swift in Sources */ = {isa = PBXBuildFile; fileRef = EB08EF7529388F250081D122 /* NewTripViewController.swift */; };
		EB08EF7829388F420081D122 /* ParkListTableViewController.swift in Sources */ = {isa = PBXBuildFile; fileRef = EB08EF7729388F420081D122 /* ParkListTableViewController.swift */; };
		EB08EF7A29388FA10081D122 /* AllTripsListTableViewController.swift in Sources */ = {isa = PBXBuildFile; fileRef = EB08EF7929388FA10081D122 /* AllTripsListTableViewController.swift */; };
		EB08EF7C293890110081D122 /* JournalDetailViewController.swift in Sources */ = {isa = PBXBuildFile; fileRef = EB08EF7B293890110081D122 /* JournalDetailViewController.swift */; };
		EB08EF7E293890390081D122 /* JournalDetailViewModel.swift in Sources */ = {isa = PBXBuildFile; fileRef = EB08EF7D293890390081D122 /* JournalDetailViewModel.swift */; };
		EB08EF80293891720081D122 /* TripParkViewController.swift in Sources */ = {isa = PBXBuildFile; fileRef = EB08EF7F293891720081D122 /* TripParkViewController.swift */; };
		EB08EF82293891830081D122 /* TripParkViewModel.swift in Sources */ = {isa = PBXBuildFile; fileRef = EB08EF81293891830081D122 /* TripParkViewModel.swift */; };
		EB08EF84293895000081D122 /* GoogleService-Info.plist in Resources */ = {isa = PBXBuildFile; fileRef = EB08EF83293895000081D122 /* GoogleService-Info.plist */; };
		EB08EF87293896D90081D122 /* FirebaseAuth in Frameworks */ = {isa = PBXBuildFile; productRef = EB08EF86293896D90081D122 /* FirebaseAuth */; };
		EB08EF89293896D90081D122 /* FirebaseDatabase in Frameworks */ = {isa = PBXBuildFile; productRef = EB08EF88293896D90081D122 /* FirebaseDatabase */; };
		EB08EF8B293896D90081D122 /* FirebaseFirestore in Frameworks */ = {isa = PBXBuildFile; productRef = EB08EF8A293896D90081D122 /* FirebaseFirestore */; };
		EB08EF8D293896D90081D122 /* FirebaseFunctions in Frameworks */ = {isa = PBXBuildFile; productRef = EB08EF8C293896D90081D122 /* FirebaseFunctions */; };
		EB08EF8F293896D90081D122 /* FirebaseStorage in Frameworks */ = {isa = PBXBuildFile; productRef = EB08EF8E293896D90081D122 /* FirebaseStorage */; };
		EB08EF9129389A760081D122 /* FirebaseService.swift in Sources */ = {isa = PBXBuildFile; fileRef = EB08EF9029389A760081D122 /* FirebaseService.swift */; };
		EB08EF9329389C710081D122 /* NetworkError.swift in Sources */ = {isa = PBXBuildFile; fileRef = EB08EF9229389C710081D122 /* NetworkError.swift */; };
		EB08EF9529389CCF0081D122 /* ParkData.swift in Sources */ = {isa = PBXBuildFile; fileRef = EB08EF9429389CCF0081D122 /* ParkData.swift */; };
		EB44383929369F6800CF32DB /* JournalDetail.storyboard in Resources */ = {isa = PBXBuildFile; fileRef = EB44383729369F6800CF32DB /* JournalDetail.storyboard */; };
		EB44383B29369FB700CF32DB /* TripParkList.storyboard in Resources */ = {isa = PBXBuildFile; fileRef = EB44383A29369FB700CF32DB /* TripParkList.storyboard */; };
		EB44383E29369FE300CF32DB /* NewTripDetail.storyboard in Resources */ = {isa = PBXBuildFile; fileRef = EB44383C29369FE300CF32DB /* NewTripDetail.storyboard */; };
		EB4438402936A00700CF32DB /* TripsList.storyboard in Resources */ = {isa = PBXBuildFile; fileRef = EB44383F2936A00700CF32DB /* TripsList.storyboard */; };
		EB4438472936A29A00CF32DB /* ExploreMap.storyboard in Resources */ = {isa = PBXBuildFile; fileRef = EB4438452936A29A00CF32DB /* ExploreMap.storyboard */; };
		EB4438492936A2FB00CF32DB /* ParkDetail.storyboard in Resources */ = {isa = PBXBuildFile; fileRef = EB4438482936A2FB00CF32DB /* ParkDetail.storyboard */; };
		EB44384C2936A32200CF32DB /* ParkList.storyboard in Resources */ = {isa = PBXBuildFile; fileRef = EB44384A2936A32200CF32DB /* ParkList.storyboard */; };
		EB44384E2936A34600CF32DB /* UserSettings.storyboard in Resources */ = {isa = PBXBuildFile; fileRef = EB44384D2936A34600CF32DB /* UserSettings.storyboard */; };
		EB4438512936A36A00CF32DB /* HomePage.storyboard in Resources */ = {isa = PBXBuildFile; fileRef = EB44384F2936A36A00CF32DB /* HomePage.storyboard */; };
		EBAEDFAC2925D28D00E9B460 /* AppDelegate.swift in Sources */ = {isa = PBXBuildFile; fileRef = EBAEDFAB2925D28D00E9B460 /* AppDelegate.swift */; };
		EBAEDFAE2925D28D00E9B460 /* SceneDelegate.swift in Sources */ = {isa = PBXBuildFile; fileRef = EBAEDFAD2925D28D00E9B460 /* SceneDelegate.swift */; };
		EBAEDFB32925D28D00E9B460 /* Main.storyboard in Resources */ = {isa = PBXBuildFile; fileRef = EBAEDFB12925D28D00E9B460 /* Main.storyboard */; };
		EBAEDFB52925D28F00E9B460 /* Assets.xcassets in Resources */ = {isa = PBXBuildFile; fileRef = EBAEDFB42925D28F00E9B460 /* Assets.xcassets */; };
		EBE9D443293926AA004A8EDE /* npsAPIService.swift in Sources */ = {isa = PBXBuildFile; fileRef = EBE9D442293926AA004A8EDE /* npsAPIService.swift */; };
		EBE9D447293929B0004A8EDE /* npsEndpoint.swift in Sources */ = {isa = PBXBuildFile; fileRef = EBE9D446293929B0004A8EDE /* npsEndpoint.swift */; };
/* End PBXBuildFile section */

/* Begin PBXFileReference section */
		EB08EF6D29388E270081D122 /* ParkListViewModel.swift */ = {isa = PBXFileReference; lastKnownFileType = sourcecode.swift; path = ParkListViewModel.swift; sourceTree = "<group>"; };
		EB08EF6F29388E410081D122 /* ParkDetailViewModel.swift */ = {isa = PBXFileReference; lastKnownFileType = sourcecode.swift; path = ParkDetailViewModel.swift; sourceTree = "<group>"; };
		EB08EF7129388E620081D122 /* ParkDetailViewController.swift */ = {isa = PBXFileReference; lastKnownFileType = sourcecode.swift; path = ParkDetailViewController.swift; sourceTree = "<group>"; };
		EB08EF7329388EFC0081D122 /* NewTripViewModel.swift */ = {isa = PBXFileReference; lastKnownFileType = sourcecode.swift; path = NewTripViewModel.swift; sourceTree = "<group>"; };
		EB08EF7529388F250081D122 /* NewTripViewController.swift */ = {isa = PBXFileReference; lastKnownFileType = sourcecode.swift; path = NewTripViewController.swift; sourceTree = "<group>"; };
		EB08EF7729388F420081D122 /* ParkListTableViewController.swift */ = {isa = PBXFileReference; lastKnownFileType = sourcecode.swift; path = ParkListTableViewController.swift; sourceTree = "<group>"; };
		EB08EF7929388FA10081D122 /* AllTripsListTableViewController.swift */ = {isa = PBXFileReference; lastKnownFileType = sourcecode.swift; path = AllTripsListTableViewController.swift; sourceTree = "<group>"; };
		EB08EF7B293890110081D122 /* JournalDetailViewController.swift */ = {isa = PBXFileReference; lastKnownFileType = sourcecode.swift; path = JournalDetailViewController.swift; sourceTree = "<group>"; };
		EB08EF7D293890390081D122 /* JournalDetailViewModel.swift */ = {isa = PBXFileReference; lastKnownFileType = sourcecode.swift; path = JournalDetailViewModel.swift; sourceTree = "<group>"; };
		EB08EF7F293891720081D122 /* TripParkViewController.swift */ = {isa = PBXFileReference; lastKnownFileType = sourcecode.swift; path = TripParkViewController.swift; sourceTree = "<group>"; };
		EB08EF81293891830081D122 /* TripParkViewModel.swift */ = {isa = PBXFileReference; lastKnownFileType = sourcecode.swift; path = TripParkViewModel.swift; sourceTree = "<group>"; };
		EB08EF83293895000081D122 /* GoogleService-Info.plist */ = {isa = PBXFileReference; fileEncoding = 4; lastKnownFileType = text.plist.xml; path = "GoogleService-Info.plist"; sourceTree = "<group>"; };
		EB08EF9029389A760081D122 /* FirebaseService.swift */ = {isa = PBXFileReference; lastKnownFileType = sourcecode.swift; path = FirebaseService.swift; sourceTree = "<group>"; };
		EB08EF9229389C710081D122 /* NetworkError.swift */ = {isa = PBXFileReference; lastKnownFileType = sourcecode.swift; path = NetworkError.swift; sourceTree = "<group>"; };
		EB08EF9429389CCF0081D122 /* ParkData.swift */ = {isa = PBXFileReference; lastKnownFileType = sourcecode.swift; path = ParkData.swift; sourceTree = "<group>"; };
		EB44383829369F6800CF32DB /* Base */ = {isa = PBXFileReference; lastKnownFileType = file.storyboard; name = Base; path = "NationalParkful/UI/User Settings/Base.lproj/JournalDetail.storyboard"; sourceTree = "<group>"; };
		EB44383A29369FB700CF32DB /* TripParkList.storyboard */ = {isa = PBXFileReference; fileEncoding = 4; lastKnownFileType = file.storyboard; path = TripParkList.storyboard; sourceTree = "<group>"; };
		EB44383D29369FE300CF32DB /* Base */ = {isa = PBXFileReference; lastKnownFileType = file.storyboard; name = Base; path = "NationalParkful/UI/User Settings/Base.lproj/NewTripDetail.storyboard"; sourceTree = "<group>"; };
		EB44383F2936A00700CF32DB /* TripsList.storyboard */ = {isa = PBXFileReference; fileEncoding = 4; lastKnownFileType = file.storyboard; path = TripsList.storyboard; sourceTree = "<group>"; };
		EB4438462936A29A00CF32DB /* Base */ = {isa = PBXFileReference; lastKnownFileType = file.storyboard; name = Base; path = "NationalParkful/UI/Home Settings/Base.lproj/ExploreMap.storyboard"; sourceTree = "<group>"; };
		EB4438482936A2FB00CF32DB /* ParkDetail.storyboard */ = {isa = PBXFileReference; fileEncoding = 4; lastKnownFileType = file.storyboard; path = ParkDetail.storyboard; sourceTree = "<group>"; };
		EB44384B2936A32200CF32DB /* Base */ = {isa = PBXFileReference; lastKnownFileType = file.storyboard; name = Base; path = "NationalParkful/UI/Home Settings/Base.lproj/ParkList.storyboard"; sourceTree = "<group>"; };
		EB44384D2936A34600CF32DB /* UserSettings.storyboard */ = {isa = PBXFileReference; fileEncoding = 4; lastKnownFileType = file.storyboard; path = UserSettings.storyboard; sourceTree = "<group>"; };
		EB4438502936A36A00CF32DB /* Base */ = {isa = PBXFileReference; lastKnownFileType = file.storyboard; name = Base; path = "NationalParkful/UI/Home Settings/Base.lproj/HomePage.storyboard"; sourceTree = "<group>"; };
		EBAEDFA82925D28D00E9B460 /* NationalParkful.app */ = {isa = PBXFileReference; explicitFileType = wrapper.application; includeInIndex = 0; path = NationalParkful.app; sourceTree = BUILT_PRODUCTS_DIR; };
		EBAEDFAB2925D28D00E9B460 /* AppDelegate.swift */ = {isa = PBXFileReference; lastKnownFileType = sourcecode.swift; path = AppDelegate.swift; sourceTree = "<group>"; };
		EBAEDFAD2925D28D00E9B460 /* SceneDelegate.swift */ = {isa = PBXFileReference; lastKnownFileType = sourcecode.swift; path = SceneDelegate.swift; sourceTree = "<group>"; };
		EBAEDFB22925D28D00E9B460 /* Base */ = {isa = PBXFileReference; lastKnownFileType = file.storyboard; name = Base; path = Base.lproj/Main.storyboard; sourceTree = "<group>"; };
		EBAEDFB42925D28F00E9B460 /* Assets.xcassets */ = {isa = PBXFileReference; lastKnownFileType = folder.assetcatalog; path = Assets.xcassets; sourceTree = "<group>"; };
		EBAEDFB92925D28F00E9B460 /* Info.plist */ = {isa = PBXFileReference; lastKnownFileType = text.plist.xml; path = Info.plist; sourceTree = "<group>"; };
		EBE9D442293926AA004A8EDE /* npsAPIService.swift */ = {isa = PBXFileReference; lastKnownFileType = sourcecode.swift; path = npsAPIService.swift; sourceTree = "<group>"; };
		EBE9D446293929B0004A8EDE /* npsEndpoint.swift */ = {isa = PBXFileReference; lastKnownFileType = sourcecode.swift; path = npsEndpoint.swift; sourceTree = "<group>"; };
/* End PBXFileReference section */

/* Begin PBXFrameworksBuildPhase section */
		EBAEDFA52925D28D00E9B460 /* Frameworks */ = {
			isa = PBXFrameworksBuildPhase;
			buildActionMask = 2147483647;
			files = (
				EB08EF89293896D90081D122 /* FirebaseDatabase in Frameworks */,
				EB08EF87293896D90081D122 /* FirebaseAuth in Frameworks */,
				EB08EF8B293896D90081D122 /* FirebaseFirestore in Frameworks */,
				EB08EF8F293896D90081D122 /* FirebaseStorage in Frameworks */,
				EB08EF8D293896D90081D122 /* FirebaseFunctions in Frameworks */,
			);
			runOnlyForDeploymentPostprocessing = 0;
		};
/* End PBXFrameworksBuildPhase section */

/* Begin PBXGroup section */
		EB08EF6129388B890081D122 /* ParkDetail-ReadOnly */ = {
			isa = PBXGroup;
			children = (
				EB4438482936A2FB00CF32DB /* ParkDetail.storyboard */,
				EB08EF6F29388E410081D122 /* ParkDetailViewModel.swift */,
				EB08EF7129388E620081D122 /* ParkDetailViewController.swift */,
			);
			path = "ParkDetail-ReadOnly";
			sourceTree = "<group>";
		};
		EB08EF6229388BE40081D122 /* All Trips List */ = {
			isa = PBXGroup;
			children = (
				EB44383F2936A00700CF32DB /* TripsList.storyboard */,
				EB08EF7929388FA10081D122 /* AllTripsListTableViewController.swift */,
			);
			path = "All Trips List";
			sourceTree = "<group>";
		};
		EB08EF6329388C180081D122 /* New Trip Detail */ = {
			isa = PBXGroup;
			children = (
				EB44383C29369FE300CF32DB /* NewTripDetail.storyboard */,
				EB08EF7329388EFC0081D122 /* NewTripViewModel.swift */,
				EB08EF7529388F250081D122 /* NewTripViewController.swift */,
			);
			path = "New Trip Detail";
			sourceTree = "<group>";
		};
		EB08EF6429388C560081D122 /* Journal Detail */ = {
			isa = PBXGroup;
			children = (
				EB44383729369F6800CF32DB /* JournalDetail.storyboard */,
				EB08EF7D293890390081D122 /* JournalDetailViewModel.swift */,
				EB08EF7B293890110081D122 /* JournalDetailViewController.swift */,
			);
			path = "Journal Detail";
			sourceTree = "<group>";
		};
		EB4438412936A10500CF32DB /* Trip Park List */ = {
			isa = PBXGroup;
			children = (
				EB44383A29369FB700CF32DB /* TripParkList.storyboard */,
				EB08EF81293891830081D122 /* TripParkViewModel.swift */,
				EB08EF7F293891720081D122 /* TripParkViewController.swift */,
			);
			path = "Trip Park List";
			sourceTree = "<group>";
		};
		EB4438432936A20E00CF32DB /* ParkList-ReadOnly */ = {
			isa = PBXGroup;
			children = (
				EB44384A2936A32200CF32DB /* ParkList.storyboard */,
				EB08EF6D29388E270081D122 /* ParkListViewModel.swift */,
				EB08EF7729388F420081D122 /* ParkListTableViewController.swift */,
			);
			path = "ParkList-ReadOnly";
			sourceTree = "<group>";
		};
		EB4438442936A27300CF32DB /* Explore Map */ = {
			isa = PBXGroup;
			children = (
				EB4438452936A29A00CF32DB /* ExploreMap.storyboard */,
			);
			path = "Explore Map";
			sourceTree = "<group>";
		};
		EB8E4EA32925D5310076EF2E /* Resources */ = {
			isa = PBXGroup;
			children = (
				EBAEDFAB2925D28D00E9B460 /* AppDelegate.swift */,
				EBAEDFAD2925D28D00E9B460 /* SceneDelegate.swift */,
				EBAEDFB42925D28F00E9B460 /* Assets.xcassets */,
				EBAEDFB92925D28F00E9B460 /* Info.plist */,
			);
			path = Resources;
			sourceTree = "<group>";
		};
		EB8E4EA42926E3860076EF2E /* Models */ = {
			isa = PBXGroup;
			children = (
				EB08EF9429389CCF0081D122 /* ParkData.swift */,
			);
			path = Models;
			sourceTree = "<group>";
		};
		EB8E4EA52926E3910076EF2E /* Network */ = {
			isa = PBXGroup;
			children = (
				EB08EF9029389A760081D122 /* FirebaseService.swift */,
				EBE9D442293926AA004A8EDE /* npsAPIService.swift */,
				EBE9D446293929B0004A8EDE /* npsEndpoint.swift */,
				EB08EF9229389C710081D122 /* NetworkError.swift */,
			);
			path = Network;
			sourceTree = "<group>";
		};
		EB8E4EA62926E3B20076EF2E /* UI */ = {
			isa = PBXGroup;
			children = (
				EB8E4EA72926E9550076EF2E /* Home Settings */,
				EB4438432936A20E00CF32DB /* ParkList-ReadOnly */,
				EB08EF6129388B890081D122 /* ParkDetail-ReadOnly */,
				EB08EF6229388BE40081D122 /* All Trips List */,
				EB08EF6329388C180081D122 /* New Trip Detail */,
				EB4438412936A10500CF32DB /* Trip Park List */,
				EB08EF6429388C560081D122 /* Journal Detail */,
				EB4438442936A27300CF32DB /* Explore Map */,
			);
			path = UI;
			sourceTree = "<group>";
		};
		EB8E4EA72926E9550076EF2E /* Home Settings */ = {
			isa = PBXGroup;
			children = (
				EB44384F2936A36A00CF32DB /* HomePage.storyboard */,
				EB44384D2936A34600CF32DB /* UserSettings.storyboard */,
				EBAEDFB12925D28D00E9B460 /* Main.storyboard */,
			);
			path = "Home Settings";
			sourceTree = "<group>";
		};
		EBAEDF9F2925D28D00E9B460 = {
			isa = PBXGroup;
			children = (
				EB08EF83293895000081D122 /* GoogleService-Info.plist */,
				EBAEDFAA2925D28D00E9B460 /* NationalParkful */,
				EBAEDFA92925D28D00E9B460 /* Products */,
			);
			sourceTree = "<group>";
		};
		EBAEDFA92925D28D00E9B460 /* Products */ = {
			isa = PBXGroup;
			children = (
				EBAEDFA82925D28D00E9B460 /* NationalParkful.app */,
			);
			name = Products;
			sourceTree = "<group>";
		};
		EBAEDFAA2925D28D00E9B460 /* NationalParkful */ = {
			isa = PBXGroup;
			children = (
				EB8E4EA52926E3910076EF2E /* Network */,
				EB8E4EA42926E3860076EF2E /* Models */,
				EB8E4EA62926E3B20076EF2E /* UI */,
				EB8E4EA32925D5310076EF2E /* Resources */,
			);
			path = NationalParkful;
			sourceTree = "<group>";
		};
/* End PBXGroup section */

/* Begin PBXNativeTarget section */
		EBAEDFA72925D28D00E9B460 /* NationalParkful */ = {
			isa = PBXNativeTarget;
			buildConfigurationList = EBAEDFBC2925D28F00E9B460 /* Build configuration list for PBXNativeTarget "NationalParkful" */;
			buildPhases = (
				EBAEDFA42925D28D00E9B460 /* Sources */,
				EBAEDFA52925D28D00E9B460 /* Frameworks */,
				EBAEDFA62925D28D00E9B460 /* Resources */,
			);
			buildRules = (
			);
			dependencies = (
			);
			name = NationalParkful;
			packageProductDependencies = (
				EB08EF86293896D90081D122 /* FirebaseAuth */,
				EB08EF88293896D90081D122 /* FirebaseDatabase */,
				EB08EF8A293896D90081D122 /* FirebaseFirestore */,
				EB08EF8C293896D90081D122 /* FirebaseFunctions */,
				EB08EF8E293896D90081D122 /* FirebaseStorage */,
			);
			productName = NationalParkful;
			productReference = EBAEDFA82925D28D00E9B460 /* NationalParkful.app */;
			productType = "com.apple.product-type.application";
		};
/* End PBXNativeTarget section */

/* Begin PBXProject section */
		EBAEDFA02925D28D00E9B460 /* Project object */ = {
			isa = PBXProject;
			attributes = {
				BuildIndependentTargetsInParallel = 1;
				LastSwiftUpdateCheck = 1410;
				LastUpgradeCheck = 1410;
				TargetAttributes = {
					EBAEDFA72925D28D00E9B460 = {
						CreatedOnToolsVersion = 14.1;
					};
				};
			};
			buildConfigurationList = EBAEDFA32925D28D00E9B460 /* Build configuration list for PBXProject "NationalParkful" */;
			compatibilityVersion = "Xcode 14.0";
			developmentRegion = en;
			hasScannedForEncodings = 0;
			knownRegions = (
				en,
				Base,
			);
			mainGroup = EBAEDF9F2925D28D00E9B460;
			packageReferences = (
				EB08EF85293896D90081D122 /* XCRemoteSwiftPackageReference "firebase-ios-sdk" */,
			);
			productRefGroup = EBAEDFA92925D28D00E9B460 /* Products */;
			projectDirPath = "";
			projectRoot = "";
			targets = (
				EBAEDFA72925D28D00E9B460 /* NationalParkful */,
			);
		};
/* End PBXProject section */

/* Begin PBXResourcesBuildPhase section */
		EBAEDFA62925D28D00E9B460 /* Resources */ = {
			isa = PBXResourcesBuildPhase;
			buildActionMask = 2147483647;
			files = (
				EB44384E2936A34600CF32DB /* UserSettings.storyboard in Resources */,
				EB44383E29369FE300CF32DB /* NewTripDetail.storyboard in Resources */,
				EB4438402936A00700CF32DB /* TripsList.storyboard in Resources */,
				EB4438512936A36A00CF32DB /* HomePage.storyboard in Resources */,
				EB44384C2936A32200CF32DB /* ParkList.storyboard in Resources */,
				EB08EF84293895000081D122 /* GoogleService-Info.plist in Resources */,
				EBAEDFB52925D28F00E9B460 /* Assets.xcassets in Resources */,
				EB4438472936A29A00CF32DB /* ExploreMap.storyboard in Resources */,
				EBAEDFB32925D28D00E9B460 /* Main.storyboard in Resources */,
				EB4438492936A2FB00CF32DB /* ParkDetail.storyboard in Resources */,
				EB44383929369F6800CF32DB /* JournalDetail.storyboard in Resources */,
				EB44383B29369FB700CF32DB /* TripParkList.storyboard in Resources */,
			);
			runOnlyForDeploymentPostprocessing = 0;
		};
/* End PBXResourcesBuildPhase section */

/* Begin PBXSourcesBuildPhase section */
		EBAEDFA42925D28D00E9B460 /* Sources */ = {
			isa = PBXSourcesBuildPhase;
			buildActionMask = 2147483647;
			files = (
				EB08EF7029388E410081D122 /* ParkDetailViewModel.swift in Sources */,
				EB08EF9529389CCF0081D122 /* ParkData.swift in Sources */,
				EB08EF7E293890390081D122 /* JournalDetailViewModel.swift in Sources */,
				EB08EF7C293890110081D122 /* JournalDetailViewController.swift in Sources */,
				EBE9D447293929B0004A8EDE /* npsEndpoint.swift in Sources */,
				EB08EF80293891720081D122 /* TripParkViewController.swift in Sources */,
				EB08EF9129389A760081D122 /* FirebaseService.swift in Sources */,
				EB08EF7A29388FA10081D122 /* AllTripsListTableViewController.swift in Sources */,
				EB08EF7229388E620081D122 /* ParkDetailViewController.swift in Sources */,
				EB08EF6E29388E270081D122 /* ParkListViewModel.swift in Sources */,
				EBAEDFAC2925D28D00E9B460 /* AppDelegate.swift in Sources */,
				EB08EF9329389C710081D122 /* NetworkError.swift in Sources */,
				EB08EF7429388EFC0081D122 /* NewTripViewModel.swift in Sources */,
				EB08EF82293891830081D122 /* TripParkViewModel.swift in Sources */,
				EB08EF7629388F250081D122 /* NewTripViewController.swift in Sources */,
				EBAEDFAE2925D28D00E9B460 /* SceneDelegate.swift in Sources */,
				EB08EF7829388F420081D122 /* ParkListTableViewController.swift in Sources */,
				EBE9D443293926AA004A8EDE /* npsAPIService.swift in Sources */,
			);
			runOnlyForDeploymentPostprocessing = 0;
		};
/* End PBXSourcesBuildPhase section */

/* Begin PBXVariantGroup section */
		EB44383729369F6800CF32DB /* JournalDetail.storyboard */ = {
			isa = PBXVariantGroup;
			children = (
				EB44383829369F6800CF32DB /* Base */,
			);
			name = JournalDetail.storyboard;
			sourceTree = "<group>";
		};
		EB44383C29369FE300CF32DB /* NewTripDetail.storyboard */ = {
			isa = PBXVariantGroup;
			children = (
				EB44383D29369FE300CF32DB /* Base */,
			);
			name = NewTripDetail.storyboard;
			sourceTree = "<group>";
		};
		EB4438452936A29A00CF32DB /* ExploreMap.storyboard */ = {
			isa = PBXVariantGroup;
			children = (
				EB4438462936A29A00CF32DB /* Base */,
			);
			name = ExploreMap.storyboard;
			sourceTree = "<group>";
		};
		EB44384A2936A32200CF32DB /* ParkList.storyboard */ = {
			isa = PBXVariantGroup;
			children = (
				EB44384B2936A32200CF32DB /* Base */,
			);
			name = ParkList.storyboard;
			sourceTree = "<group>";
		};
		EB44384F2936A36A00CF32DB /* HomePage.storyboard */ = {
			isa = PBXVariantGroup;
			children = (
				EB4438502936A36A00CF32DB /* Base */,
			);
			name = HomePage.storyboard;
			sourceTree = "<group>";
		};
		EBAEDFB12925D28D00E9B460 /* Main.storyboard */ = {
			isa = PBXVariantGroup;
			children = (
				EBAEDFB22925D28D00E9B460 /* Base */,
			);
			name = Main.storyboard;
			sourceTree = "<group>";
		};
/* End PBXVariantGroup section */

/* Begin XCBuildConfiguration section */
		EBAEDFBA2925D28F00E9B460 /* Debug */ = {
			isa = XCBuildConfiguration;
			buildSettings = {
				ALWAYS_SEARCH_USER_PATHS = NO;
				CLANG_ANALYZER_NONNULL = YES;
				CLANG_ANALYZER_NUMBER_OBJECT_CONVERSION = YES_AGGRESSIVE;
				CLANG_CXX_LANGUAGE_STANDARD = "gnu++20";
				CLANG_ENABLE_MODULES = YES;
				CLANG_ENABLE_OBJC_ARC = YES;
				CLANG_ENABLE_OBJC_WEAK = YES;
				CLANG_WARN_BLOCK_CAPTURE_AUTORELEASING = YES;
				CLANG_WARN_BOOL_CONVERSION = YES;
				CLANG_WARN_COMMA = YES;
				CLANG_WARN_CONSTANT_CONVERSION = YES;
				CLANG_WARN_DEPRECATED_OBJC_IMPLEMENTATIONS = YES;
				CLANG_WARN_DIRECT_OBJC_ISA_USAGE = YES_ERROR;
				CLANG_WARN_DOCUMENTATION_COMMENTS = YES;
				CLANG_WARN_EMPTY_BODY = YES;
				CLANG_WARN_ENUM_CONVERSION = YES;
				CLANG_WARN_INFINITE_RECURSION = YES;
				CLANG_WARN_INT_CONVERSION = YES;
				CLANG_WARN_NON_LITERAL_NULL_CONVERSION = YES;
				CLANG_WARN_OBJC_IMPLICIT_RETAIN_SELF = YES;
				CLANG_WARN_OBJC_LITERAL_CONVERSION = YES;
				CLANG_WARN_OBJC_ROOT_CLASS = YES_ERROR;
				CLANG_WARN_QUOTED_INCLUDE_IN_FRAMEWORK_HEADER = YES;
				CLANG_WARN_RANGE_LOOP_ANALYSIS = YES;
				CLANG_WARN_STRICT_PROTOTYPES = YES;
				CLANG_WARN_SUSPICIOUS_MOVE = YES;
				CLANG_WARN_UNGUARDED_AVAILABILITY = YES_AGGRESSIVE;
				CLANG_WARN_UNREACHABLE_CODE = YES;
				CLANG_WARN__DUPLICATE_METHOD_MATCH = YES;
				COPY_PHASE_STRIP = NO;
				DEBUG_INFORMATION_FORMAT = dwarf;
				ENABLE_STRICT_OBJC_MSGSEND = YES;
				ENABLE_TESTABILITY = YES;
				GCC_C_LANGUAGE_STANDARD = gnu11;
				GCC_DYNAMIC_NO_PIC = NO;
				GCC_NO_COMMON_BLOCKS = YES;
				GCC_OPTIMIZATION_LEVEL = 0;
				GCC_PREPROCESSOR_DEFINITIONS = (
					"DEBUG=1",
					"$(inherited)",
				);
				GCC_WARN_64_TO_32_BIT_CONVERSION = YES;
				GCC_WARN_ABOUT_RETURN_TYPE = YES_ERROR;
				GCC_WARN_UNDECLARED_SELECTOR = YES;
				GCC_WARN_UNINITIALIZED_AUTOS = YES_AGGRESSIVE;
				GCC_WARN_UNUSED_FUNCTION = YES;
				GCC_WARN_UNUSED_VARIABLE = YES;
				IPHONEOS_DEPLOYMENT_TARGET = 16.1;
				MTL_ENABLE_DEBUG_INFO = INCLUDE_SOURCE;
				MTL_FAST_MATH = YES;
				ONLY_ACTIVE_ARCH = YES;
				SDKROOT = iphoneos;
				SWIFT_ACTIVE_COMPILATION_CONDITIONS = DEBUG;
				SWIFT_OPTIMIZATION_LEVEL = "-Onone";
			};
			name = Debug;
		};
		EBAEDFBB2925D28F00E9B460 /* Release */ = {
			isa = XCBuildConfiguration;
			buildSettings = {
				ALWAYS_SEARCH_USER_PATHS = NO;
				CLANG_ANALYZER_NONNULL = YES;
				CLANG_ANALYZER_NUMBER_OBJECT_CONVERSION = YES_AGGRESSIVE;
				CLANG_CXX_LANGUAGE_STANDARD = "gnu++20";
				CLANG_ENABLE_MODULES = YES;
				CLANG_ENABLE_OBJC_ARC = YES;
				CLANG_ENABLE_OBJC_WEAK = YES;
				CLANG_WARN_BLOCK_CAPTURE_AUTORELEASING = YES;
				CLANG_WARN_BOOL_CONVERSION = YES;
				CLANG_WARN_COMMA = YES;
				CLANG_WARN_CONSTANT_CONVERSION = YES;
				CLANG_WARN_DEPRECATED_OBJC_IMPLEMENTATIONS = YES;
				CLANG_WARN_DIRECT_OBJC_ISA_USAGE = YES_ERROR;
				CLANG_WARN_DOCUMENTATION_COMMENTS = YES;
				CLANG_WARN_EMPTY_BODY = YES;
				CLANG_WARN_ENUM_CONVERSION = YES;
				CLANG_WARN_INFINITE_RECURSION = YES;
				CLANG_WARN_INT_CONVERSION = YES;
				CLANG_WARN_NON_LITERAL_NULL_CONVERSION = YES;
				CLANG_WARN_OBJC_IMPLICIT_RETAIN_SELF = YES;
				CLANG_WARN_OBJC_LITERAL_CONVERSION = YES;
				CLANG_WARN_OBJC_ROOT_CLASS = YES_ERROR;
				CLANG_WARN_QUOTED_INCLUDE_IN_FRAMEWORK_HEADER = YES;
				CLANG_WARN_RANGE_LOOP_ANALYSIS = YES;
				CLANG_WARN_STRICT_PROTOTYPES = YES;
				CLANG_WARN_SUSPICIOUS_MOVE = YES;
				CLANG_WARN_UNGUARDED_AVAILABILITY = YES_AGGRESSIVE;
				CLANG_WARN_UNREACHABLE_CODE = YES;
				CLANG_WARN__DUPLICATE_METHOD_MATCH = YES;
				COPY_PHASE_STRIP = NO;
				DEBUG_INFORMATION_FORMAT = "dwarf-with-dsym";
				ENABLE_NS_ASSERTIONS = NO;
				ENABLE_STRICT_OBJC_MSGSEND = YES;
				GCC_C_LANGUAGE_STANDARD = gnu11;
				GCC_NO_COMMON_BLOCKS = YES;
				GCC_WARN_64_TO_32_BIT_CONVERSION = YES;
				GCC_WARN_ABOUT_RETURN_TYPE = YES_ERROR;
				GCC_WARN_UNDECLARED_SELECTOR = YES;
				GCC_WARN_UNINITIALIZED_AUTOS = YES_AGGRESSIVE;
				GCC_WARN_UNUSED_FUNCTION = YES;
				GCC_WARN_UNUSED_VARIABLE = YES;
				IPHONEOS_DEPLOYMENT_TARGET = 16.1;
				MTL_ENABLE_DEBUG_INFO = NO;
				MTL_FAST_MATH = YES;
				SDKROOT = iphoneos;
				SWIFT_COMPILATION_MODE = wholemodule;
				SWIFT_OPTIMIZATION_LEVEL = "-O";
				VALIDATE_PRODUCT = YES;
			};
			name = Release;
		};
		EBAEDFBD2925D28F00E9B460 /* Debug */ = {
			isa = XCBuildConfiguration;
			buildSettings = {
				ASSETCATALOG_COMPILER_APPICON_NAME = AppIcon;
				ASSETCATALOG_COMPILER_GLOBAL_ACCENT_COLOR_NAME = AccentColor;
				CODE_SIGN_STYLE = Automatic;
				CURRENT_PROJECT_VERSION = 1;
				GENERATE_INFOPLIST_FILE = YES;
				INFOPLIST_FILE = NationalParkful/Resources/Info.plist;
				INFOPLIST_KEY_UIApplicationSupportsIndirectInputEvents = YES;
				INFOPLIST_KEY_UILaunchStoryboardName = LaunchScreen;
				INFOPLIST_KEY_UIMainStoryboardFile = Main;
				INFOPLIST_KEY_UISupportedInterfaceOrientations_iPad = "UIInterfaceOrientationPortrait UIInterfaceOrientationPortraitUpsideDown UIInterfaceOrientationLandscapeLeft UIInterfaceOrientationLandscapeRight";
				INFOPLIST_KEY_UISupportedInterfaceOrientations_iPhone = "UIInterfaceOrientationPortrait UIInterfaceOrientationLandscapeLeft UIInterfaceOrientationLandscapeRight";
				LD_RUNPATH_SEARCH_PATHS = (
					"$(inherited)",
					"@executable_path/Frameworks",
				);
				MARKETING_VERSION = 1.0;
				PRODUCT_BUNDLE_IDENTIFIER = com.hallsArchitecture.NationalParkful;
				PRODUCT_NAME = "$(TARGET_NAME)";
				SWIFT_EMIT_LOC_STRINGS = YES;
				SWIFT_VERSION = 5.0;
				TARGETED_DEVICE_FAMILY = "1,2";
			};
			name = Debug;
		};
		EBAEDFBE2925D28F00E9B460 /* Release */ = {
			isa = XCBuildConfiguration;
			buildSettings = {
				ASSETCATALOG_COMPILER_APPICON_NAME = AppIcon;
				ASSETCATALOG_COMPILER_GLOBAL_ACCENT_COLOR_NAME = AccentColor;
				CODE_SIGN_STYLE = Automatic;
				CURRENT_PROJECT_VERSION = 1;
				GENERATE_INFOPLIST_FILE = YES;
				INFOPLIST_FILE = NationalParkful/Resources/Info.plist;
				INFOPLIST_KEY_UIApplicationSupportsIndirectInputEvents = YES;
				INFOPLIST_KEY_UILaunchStoryboardName = LaunchScreen;
				INFOPLIST_KEY_UIMainStoryboardFile = Main;
				INFOPLIST_KEY_UISupportedInterfaceOrientations_iPad = "UIInterfaceOrientationPortrait UIInterfaceOrientationPortraitUpsideDown UIInterfaceOrientationLandscapeLeft UIInterfaceOrientationLandscapeRight";
				INFOPLIST_KEY_UISupportedInterfaceOrientations_iPhone = "UIInterfaceOrientationPortrait UIInterfaceOrientationLandscapeLeft UIInterfaceOrientationLandscapeRight";
				LD_RUNPATH_SEARCH_PATHS = (
					"$(inherited)",
					"@executable_path/Frameworks",
				);
				MARKETING_VERSION = 1.0;
				PRODUCT_BUNDLE_IDENTIFIER = com.hallsArchitecture.NationalParkful;
				PRODUCT_NAME = "$(TARGET_NAME)";
				SWIFT_EMIT_LOC_STRINGS = YES;
				SWIFT_VERSION = 5.0;
				TARGETED_DEVICE_FAMILY = "1,2";
			};
			name = Release;
		};
/* End XCBuildConfiguration section */

/* Begin XCConfigurationList section */
		EBAEDFA32925D28D00E9B460 /* Build configuration list for PBXProject "NationalParkful" */ = {
			isa = XCConfigurationList;
			buildConfigurations = (
				EBAEDFBA2925D28F00E9B460 /* Debug */,
				EBAEDFBB2925D28F00E9B460 /* Release */,
			);
			defaultConfigurationIsVisible = 0;
			defaultConfigurationName = Release;
		};
		EBAEDFBC2925D28F00E9B460 /* Build configuration list for PBXNativeTarget "NationalParkful" */ = {
			isa = XCConfigurationList;
			buildConfigurations = (
				EBAEDFBD2925D28F00E9B460 /* Debug */,
				EBAEDFBE2925D28F00E9B460 /* Release */,
			);
			defaultConfigurationIsVisible = 0;
			defaultConfigurationName = Release;
		};
/* End XCConfigurationList section */

/* Begin XCRemoteSwiftPackageReference section */
		EB08EF85293896D90081D122 /* XCRemoteSwiftPackageReference "firebase-ios-sdk" */ = {
			isa = XCRemoteSwiftPackageReference;
			repositoryURL = "https://github.com/firebase/firebase-ios-sdk";
			requirement = {
				kind = upToNextMajorVersion;
				minimumVersion = 9.0.0;
			};
		};
/* End XCRemoteSwiftPackageReference section */

/* Begin XCSwiftPackageProductDependency section */
		EB08EF86293896D90081D122 /* FirebaseAuth */ = {
			isa = XCSwiftPackageProductDependency;
			package = EB08EF85293896D90081D122 /* XCRemoteSwiftPackageReference "firebase-ios-sdk" */;
			productName = FirebaseAuth;
		};
		EB08EF88293896D90081D122 /* FirebaseDatabase */ = {
			isa = XCSwiftPackageProductDependency;
			package = EB08EF85293896D90081D122 /* XCRemoteSwiftPackageReference "firebase-ios-sdk" */;
			productName = FirebaseDatabase;
		};
		EB08EF8A293896D90081D122 /* FirebaseFirestore */ = {
			isa = XCSwiftPackageProductDependency;
			package = EB08EF85293896D90081D122 /* XCRemoteSwiftPackageReference "firebase-ios-sdk" */;
			productName = FirebaseFirestore;
		};
		EB08EF8C293896D90081D122 /* FirebaseFunctions */ = {
			isa = XCSwiftPackageProductDependency;
			package = EB08EF85293896D90081D122 /* XCRemoteSwiftPackageReference "firebase-ios-sdk" */;
			productName = FirebaseFunctions;
		};
		EB08EF8E293896D90081D122 /* FirebaseStorage */ = {
			isa = XCSwiftPackageProductDependency;
			package = EB08EF85293896D90081D122 /* XCRemoteSwiftPackageReference "firebase-ios-sdk" */;
			productName = FirebaseStorage;
		};
/* End XCSwiftPackageProductDependency section */
	};
	rootObject = EBAEDFA02925D28D00E9B460 /* Project object */;
}
